Microsoft Visual Studio Solution File, Format Version 12.00
# Visual Studio Version 17
VisualStudioVersion = 17.5.2.0
MinimumVisualStudioVersion = 10.0.40219.1
Project("{FAE04EC0-301F-11D3-BF4B-00C04F79EFBC}") = "AdministradorFacturas.API", "AdministradorFacturas.API.csproj", "{CFBD4AFD-3D30-A2B2-BC76-CEDD2FCD7D47}"
EndProject
Global
	GlobalSection(SolutionConfigurationPlatforms) = preSolution
		Debug|Any CPU = Debug|Any CPU
		Release|Any CPU = Release|Any CPU
	EndGlobalSection
	GlobalSection(ProjectConfigurationPlatforms) = postSolution
		{CFBD4AFD-3D30-A2B2-BC76-CEDD2FCD7D47}.Debug|Any CPU.ActiveCfg = Debug|Any CPU
		{CFBD4AFD-3D30-A2B2-BC76-CEDD2FCD7D47}.Debug|Any CPU.Build.0 = Debug|Any CPU
		{CFBD4AFD-3D30-A2B2-BC76-CEDD2FCD7D47}.Release|Any CPU.ActiveCfg = Release|Any CPU
		{CFBD4AFD-3D30-A2B2-BC76-CEDD2FCD7D47}.Release|Any CPU.Build.0 = Release|Any CPU
	EndGlobalSection
	GlobalSection(SolutionProperties) = preSolution
		HideSolutionNode = FALSE
	EndGlobalSection
	GlobalSection(ExtensibilityGlobals) = postSolution
		SolutionGuid = {CDC5751E-A480-4BD5-B4E2-5E2C898E91AF}
	EndGlobalSection
EndGlobal
